
Microsoft Visual Studio Solution File, Format Version 12.00
# Visual Studio 15
VisualStudioVersion = 15.0.28307.168
MinimumVisualStudioVersion = 10.0.40219.1
Project("{FAE04EC0-301F-11D3-BF4B-00C04F79EFBC}") = "黄小华21点", "黄小华21点\黄小华21点.csproj", "{DF0C5683-3CF2-4B3A-AACB-E0A8654DABCF}"
EndProject
Global
	GlobalSection(SolutionConfigurationPlatforms) = preSolution
		Debug|Any CPU = Debug|Any CPU
		Release|Any CPU = Release|Any CPU
	EndGlobalSection
	GlobalSection(ProjectConfigurationPlatforms) = postSolution
		{DF0C5683-3CF2-4B3A-AACB-E0A8654DABCF}.Debug|Any CPU.ActiveCfg = Debug|Any CPU
		{DF0C5683-3CF2-4B3A-AACB-E0A8654DABCF}.Debug|Any CPU.Build.0 = Debug|Any CPU
		{DF0C5683-3CF2-4B3A-AACB-E0A8654DABCF}.Release|Any CPU.ActiveCfg = Release|Any CPU
		{DF0C5683-3CF2-4B3A-AACB-E0A8654DABCF}.Release|Any CPU.Build.0 = Release|Any CPU
	EndGlobalSection
	GlobalSection(SolutionProperties) = preSolution
		HideSolutionNode = FALSE
	EndGlobalSection
	GlobalSection(ExtensibilityGlobals) = postSolution
		SolutionGuid = {2D2AB51D-0784-475D-AFB1-EB867D49698E}
	EndGlobalSection
EndGlobal
